
Microsoft Visual Studio Solution File, Format Version 12.00
# Visual Studio Version 17
VisualStudioVersion = 17.0.31903.59
MinimumVisualStudioVersion = 10.0.40219.1
Project("{FAE04EC0-301F-11D3-BF4B-00C04F79EFBC}") = "Todo", "Todo\Todo.csproj", "{1B8F0A69-81BA-D73E-3588-43EDF31BA110}"
EndProject
Project("{FAE04EC0-301F-11D3-BF4B-00C04F79EFBC}") = "Todo.AcceptanceTests", "Todo.Test\Todo.AcceptanceTests.csproj", "{0308ED5C-8807-6BE5-5551-EAC2892D3307}"
EndProject
Project("{FAE04EC0-301F-11D3-BF4B-00C04F79EFBC}") = "Todo.UnitTests", "Todo.UnitTests\Todo.UnitTests.csproj", "{D2870899-F9AA-4163-B80D-09675ADC6953}"
EndProject
Global
	GlobalSection(SolutionConfigurationPlatforms) = preSolution
		Debug|Any CPU = Debug|Any CPU
		Release|Any CPU = Release|Any CPU
	EndGlobalSection
	GlobalSection(ProjectConfigurationPlatforms) = postSolution
		{1B8F0A69-81BA-D73E-3588-43EDF31BA110}.Debug|Any CPU.ActiveCfg = Debug|Any CPU
		{1B8F0A69-81BA-D73E-3588-43EDF31BA110}.Debug|Any CPU.Build.0 = Debug|Any CPU
		{1B8F0A69-81BA-D73E-3588-43EDF31BA110}.Debug|Any CPU.Deploy.0 = Debug|Any CPU
		{1B8F0A69-81BA-D73E-3588-43EDF31BA110}.Release|Any CPU.ActiveCfg = Release|Any CPU
		{1B8F0A69-81BA-D73E-3588-43EDF31BA110}.Release|Any CPU.Build.0 = Release|Any CPU
		{0308ED5C-8807-6BE5-5551-EAC2892D3307}.Debug|Any CPU.ActiveCfg = Debug|Any CPU
		{0308ED5C-8807-6BE5-5551-EAC2892D3307}.Debug|Any CPU.Build.0 = Debug|Any CPU
		{0308ED5C-8807-6BE5-5551-EAC2892D3307}.Release|Any CPU.ActiveCfg = Release|Any CPU
		{0308ED5C-8807-6BE5-5551-EAC2892D3307}.Release|Any CPU.Build.0 = Release|Any CPU
		{D2870899-F9AA-4163-B80D-09675ADC6953}.Debug|Any CPU.ActiveCfg = Debug|Any CPU
		{D2870899-F9AA-4163-B80D-09675ADC6953}.Debug|Any CPU.Build.0 = Debug|Any CPU
		{D2870899-F9AA-4163-B80D-09675ADC6953}.Release|Any CPU.ActiveCfg = Release|Any CPU
		{D2870899-F9AA-4163-B80D-09675ADC6953}.Release|Any CPU.Build.0 = Release|Any CPU
	EndGlobalSection
	GlobalSection(SolutionProperties) = preSolution
		HideSolutionNode = FALSE
	EndGlobalSection
	GlobalSection(ExtensibilityGlobals) = postSolution
		SolutionGuid = {96DCA6D1-EFB2-4176-B63E-75C6B63A9C98}
	EndGlobalSection
EndGlobal
